
Microsoft Visual Studio Solution File, Format Version 12.00
# Visual Studio Version 17
VisualStudioVersion = 17.2.32526.322
MinimumVisualStudioVersion = 10.0.40219.1
Project("{FAE04EC0-301F-11D3-BF4B-00C04F79EFBC}") = "Summator", "Summator\Summator.csproj", "{4248FE12-2A52-46A8-A226-CD502F4F290D}"
EndProject
Project("{FAE04EC0-301F-11D3-BF4B-00C04F79EFBC}") = "Summator.Tests", "Summator.Tests\Summator.Tests.csproj", "{0436E1E1-4358-4062-B101-3E333D063D32}"
EndProject
Global
	GlobalSection(SolutionConfigurationPlatforms) = preSolution
		Debug|Any CPU = Debug|Any CPU
		Release|Any CPU = Release|Any CPU
	EndGlobalSection
	GlobalSection(ProjectConfigurationPlatforms) = postSolution
		{4248FE12-2A52-46A8-A226-CD502F4F290D}.Debug|Any CPU.ActiveCfg = Debug|Any CPU
		{4248FE12-2A52-46A8-A226-CD502F4F290D}.Debug|Any CPU.Build.0 = Debug|Any CPU
		{4248FE12-2A52-46A8-A226-CD502F4F290D}.Release|Any CPU.ActiveCfg = Release|Any CPU
		{4248FE12-2A52-46A8-A226-CD502F4F290D}.Release|Any CPU.Build.0 = Release|Any CPU
		{0436E1E1-4358-4062-B101-3E333D063D32}.Debug|Any CPU.ActiveCfg = Debug|Any CPU
		{0436E1E1-4358-4062-B101-3E333D063D32}.Debug|Any CPU.Build.0 = Debug|Any CPU
		{0436E1E1-4358-4062-B101-3E333D063D32}.Release|Any CPU.ActiveCfg = Release|Any CPU
		{0436E1E1-4358-4062-B101-3E333D063D32}.Release|Any CPU.Build.0 = Release|Any CPU
	EndGlobalSection
	GlobalSection(SolutionProperties) = preSolution
		HideSolutionNode = FALSE
	EndGlobalSection
	GlobalSection(ExtensibilityGlobals) = postSolution
		SolutionGuid = {A1D24800-6D0C-4861-8C7A-CA9051FA7880}
	EndGlobalSection
EndGlobal
